
Microsoft Visual Studio Solution File, Format Version 12.00
# Visual Studio Version 17
VisualStudioVersion = 17.0.31903.59
MinimumVisualStudioVersion = 10.0.40219.1
Project("{FAE04EC0-301F-11D3-BF4B-00C04F79EFBC}") = "Api.LibrosLibre.WebApi", "Api.LibrosLibre.WebApi\Api.LibrosLibre.WebApi.csproj", "{360CBF31-FD69-4DD3-9F9E-5561E3DDCD85}"
EndProject
Project("{FAE04EC0-301F-11D3-BF4B-00C04F79EFBC}") = "Api.LibrosLibre.Test", "Api.LibrosLibre.Test\Api.LibrosLibre.Test.csproj", "{1A0E63B0-FC31-4CFC-B6F0-0CBC1E15BB82}"
EndProject
Project("{FAE04EC0-301F-11D3-BF4B-00C04F79EFBC}") = "Api.LibrosLibre.Persistence", "Api.LibrosLibre.Persistence\Api.LibrosLibre.Persistence.csproj", "{529D67F9-3F04-4114-879E-A5FF8921FDC3}"
EndProject
Project("{FAE04EC0-301F-11D3-BF4B-00C04F79EFBC}") = "Api.LibrosLibre.Domain", "Api.LibrosLibre.Domain\Api.LibrosLibre.Domain.csproj", "{14A1F9CE-93C8-460B-AD22-43567D3CE6B8}"
EndProject
Project("{FAE04EC0-301F-11D3-BF4B-00C04F79EFBC}") = "Api.LibrosLibre.Application", "Api.LibrosLibre.Application\Api.LibrosLibre.Application.csproj", "{F229FFAE-F23D-4B06-BED5-AC4E9B69C4C2}"
EndProject
Global
	GlobalSection(SolutionConfigurationPlatforms) = preSolution
		Debug|Any CPU = Debug|Any CPU
		Release|Any CPU = Release|Any CPU
	EndGlobalSection
	GlobalSection(SolutionProperties) = preSolution
		HideSolutionNode = FALSE
	EndGlobalSection
	GlobalSection(ProjectConfigurationPlatforms) = postSolution
		{360CBF31-FD69-4DD3-9F9E-5561E3DDCD85}.Debug|Any CPU.ActiveCfg = Debug|Any CPU
		{360CBF31-FD69-4DD3-9F9E-5561E3DDCD85}.Debug|Any CPU.Build.0 = Debug|Any CPU
		{360CBF31-FD69-4DD3-9F9E-5561E3DDCD85}.Release|Any CPU.ActiveCfg = Release|Any CPU
		{360CBF31-FD69-4DD3-9F9E-5561E3DDCD85}.Release|Any CPU.Build.0 = Release|Any CPU
		{1A0E63B0-FC31-4CFC-B6F0-0CBC1E15BB82}.Debug|Any CPU.ActiveCfg = Debug|Any CPU
		{1A0E63B0-FC31-4CFC-B6F0-0CBC1E15BB82}.Debug|Any CPU.Build.0 = Debug|Any CPU
		{1A0E63B0-FC31-4CFC-B6F0-0CBC1E15BB82}.Release|Any CPU.ActiveCfg = Release|Any CPU
		{1A0E63B0-FC31-4CFC-B6F0-0CBC1E15BB82}.Release|Any CPU.Build.0 = Release|Any CPU
		{529D67F9-3F04-4114-879E-A5FF8921FDC3}.Debug|Any CPU.ActiveCfg = Debug|Any CPU
		{529D67F9-3F04-4114-879E-A5FF8921FDC3}.Debug|Any CPU.Build.0 = Debug|Any CPU
		{529D67F9-3F04-4114-879E-A5FF8921FDC3}.Release|Any CPU.ActiveCfg = Release|Any CPU
		{529D67F9-3F04-4114-879E-A5FF8921FDC3}.Release|Any CPU.Build.0 = Release|Any CPU
		{14A1F9CE-93C8-460B-AD22-43567D3CE6B8}.Debug|Any CPU.ActiveCfg = Debug|Any CPU
		{14A1F9CE-93C8-460B-AD22-43567D3CE6B8}.Debug|Any CPU.Build.0 = Debug|Any CPU
		{14A1F9CE-93C8-460B-AD22-43567D3CE6B8}.Release|Any CPU.ActiveCfg = Release|Any CPU
		{14A1F9CE-93C8-460B-AD22-43567D3CE6B8}.Release|Any CPU.Build.0 = Release|Any CPU
		{F229FFAE-F23D-4B06-BED5-AC4E9B69C4C2}.Debug|Any CPU.ActiveCfg = Debug|Any CPU
		{F229FFAE-F23D-4B06-BED5-AC4E9B69C4C2}.Debug|Any CPU.Build.0 = Debug|Any CPU
		{F229FFAE-F23D-4B06-BED5-AC4E9B69C4C2}.Release|Any CPU.ActiveCfg = Release|Any CPU
		{F229FFAE-F23D-4B06-BED5-AC4E9B69C4C2}.Release|Any CPU.Build.0 = Release|Any CPU
	EndGlobalSection
	GlobalSection(StartupProjects) = preSolution
        StartupProject = "Api.LibrosLibre.WebApi\Api.LibrosLibre.WebApi.csproj"
    EndGlobalSection
EndGlobal
